
Microsoft Visual Studio Solution File, Format Version 12.00
Project("{FAE04EC0-301F-11D3-BF4B-00C04F79EFBC}") = "BTWeb1", "BTWeb1\BTWeb1.csproj", "{32DA0655-F5C2-4AA0-969E-1B3EB1352E22}"
EndProject
Global
	GlobalSection(SolutionConfigurationPlatforms) = preSolution
		Debug|Any CPU = Debug|Any CPU
		Release|Any CPU = Release|Any CPU
	EndGlobalSection
	GlobalSection(ProjectConfigurationPlatforms) = postSolution
		{32DA0655-F5C2-4AA0-969E-1B3EB1352E22}.Debug|Any CPU.ActiveCfg = Debug|Any CPU
		{32DA0655-F5C2-4AA0-969E-1B3EB1352E22}.Debug|Any CPU.Build.0 = Debug|Any CPU
		{32DA0655-F5C2-4AA0-969E-1B3EB1352E22}.Release|Any CPU.ActiveCfg = Release|Any CPU
		{32DA0655-F5C2-4AA0-969E-1B3EB1352E22}.Release|Any CPU.Build.0 = Release|Any CPU
	EndGlobalSection
EndGlobal
